
Microsoft Visual Studio Solution File, Format Version 12.00
# Visual Studio Version 16
VisualStudioVersion = 25.0.1706.7
MinimumVisualStudioVersion = 10.0.40219.1
Project("{FAE04EC0-301F-11D3-BF4B-00C04F79EFBC}") = "bigDigit", "bigDigit\bigDigit.csproj", "{A47D3B27-4CE6-46D2-B848-06D083644499}"
EndProject
Global
	GlobalSection(SolutionConfigurationPlatforms) = preSolution
		Debug|Any CPU = Debug|Any CPU
		Release|Any CPU = Release|Any CPU
	EndGlobalSection
	GlobalSection(ProjectConfigurationPlatforms) = postSolution
		{A47D3B27-4CE6-46D2-B848-06D083644499}.Debug|Any CPU.ActiveCfg = Debug|Any CPU
		{A47D3B27-4CE6-46D2-B848-06D083644499}.Debug|Any CPU.Build.0 = Debug|Any CPU
		{A47D3B27-4CE6-46D2-B848-06D083644499}.Release|Any CPU.ActiveCfg = Release|Any CPU
		{A47D3B27-4CE6-46D2-B848-06D083644499}.Release|Any CPU.Build.0 = Release|Any CPU
	EndGlobalSection
	GlobalSection(SolutionProperties) = preSolution
		HideSolutionNode = FALSE
	EndGlobalSection
	GlobalSection(ExtensibilityGlobals) = postSolution
		SolutionGuid = {786E4C22-27B0-4CEC-9485-36F27DC4F0DD}
	EndGlobalSection
EndGlobal
