
Microsoft Visual Studio Solution File, Format Version 12.00
# Visual Studio Version 16
VisualStudioVersion = 25.0.1706.7
MinimumVisualStudioVersion = 10.0.40219.1
Project("{FAE04EC0-301F-11D3-BF4B-00C04F79EFBC}") = "educationType", "educationType\educationType.csproj", "{50ED89E2-3D05-4A3C-BAE8-847FAF155993}"
EndProject
Global
	GlobalSection(SolutionConfigurationPlatforms) = preSolution
		Debug|Any CPU = Debug|Any CPU
		Release|Any CPU = Release|Any CPU
	EndGlobalSection
	GlobalSection(ProjectConfigurationPlatforms) = postSolution
		{50ED89E2-3D05-4A3C-BAE8-847FAF155993}.Debug|Any CPU.ActiveCfg = Debug|Any CPU
		{50ED89E2-3D05-4A3C-BAE8-847FAF155993}.Debug|Any CPU.Build.0 = Debug|Any CPU
		{50ED89E2-3D05-4A3C-BAE8-847FAF155993}.Release|Any CPU.ActiveCfg = Release|Any CPU
		{50ED89E2-3D05-4A3C-BAE8-847FAF155993}.Release|Any CPU.Build.0 = Release|Any CPU
	EndGlobalSection
	GlobalSection(SolutionProperties) = preSolution
		HideSolutionNode = FALSE
	EndGlobalSection
	GlobalSection(ExtensibilityGlobals) = postSolution
		SolutionGuid = {A28B9F7E-A5B4-4266-8B51-8EDF16F0D44B}
	EndGlobalSection
EndGlobal
